
Microsoft Visual Studio Solution File, Format Version 12.00
# Visual Studio Version 17
VisualStudioVersion = 17.5.002.0
MinimumVisualStudioVersion = 10.0.40219.1
Project("{9A19103F-16F7-4668-BE54-9A1E7A4F7556}") = "242. Valid Anagram", "242. Valid Anagram.csproj", "{FF192518-5815-4E6C-AEC6-493786D24168}"
EndProject
Global
	GlobalSection(SolutionConfigurationPlatforms) = preSolution
		Debug|Any CPU = Debug|Any CPU
		Release|Any CPU = Release|Any CPU
	EndGlobalSection
	GlobalSection(ProjectConfigurationPlatforms) = postSolution
		{FF192518-5815-4E6C-AEC6-493786D24168}.Debug|Any CPU.ActiveCfg = Debug|Any CPU
		{FF192518-5815-4E6C-AEC6-493786D24168}.Debug|Any CPU.Build.0 = Debug|Any CPU
		{FF192518-5815-4E6C-AEC6-493786D24168}.Release|Any CPU.ActiveCfg = Release|Any CPU
		{FF192518-5815-4E6C-AEC6-493786D24168}.Release|Any CPU.Build.0 = Release|Any CPU
	EndGlobalSection
	GlobalSection(SolutionProperties) = preSolution
		HideSolutionNode = FALSE
	EndGlobalSection
	GlobalSection(ExtensibilityGlobals) = postSolution
		SolutionGuid = {A3DB5AC9-F7E0-459B-ADBD-7520B23C922D}
	EndGlobalSection
EndGlobal
